
Microsoft Visual Studio Solution File, Format Version 12.00
# Visual Studio Version 16
VisualStudioVersion = 16.0.31205.134
MinimumVisualStudioVersion = 10.0.40219.1
Project("{2150E333-8FDC-42A3-9474-1A3956D46DE8}") = "Solution Items", "Solution Items", "{0725ADC2-85A0-4F75-97F2-475756E5362F}"
	ProjectSection(SolutionItems) = preProject
		LICENSE = LICENSE
		README.md = README.md
	EndProjectSection
EndProject
Project("{9A19103F-16F7-4668-BE54-9A1E7A4F7556}") = "KyoshinMonitorLib", "src\KyoshinMonitorLib\KyoshinMonitorLib.csproj", "{5A597781-7993-4CDB-8E50-539E93A6F705}"
EndProject
Project("{9A19103F-16F7-4668-BE54-9A1E7A4F7556}") = "Tests", "src\Tests\Tests.csproj", "{40C247D7-1292-4FE5-9DAA-A47D067F2560}"
EndProject
Project("{9A19103F-16F7-4668-BE54-9A1E7A4F7556}") = "KyoshinMonitorLib.Timers", "src\KyoshinMonitorLib.Timers\KyoshinMonitorLib.Timers.csproj", "{F3D3DB38-8BBC-42B2-8344-806917A4A888}"
EndProject
Project("{9A19103F-16F7-4668-BE54-9A1E7A4F7556}") = "KyoshinMonitorLib.Images", "src\KyoshinMonitorLib.Images\KyoshinMonitorLib.Images.csproj", "{0A7BD896-197C-4777-80E2-1F51D8F031E5}"
EndProject
Project("{9A19103F-16F7-4668-BE54-9A1E7A4F7556}") = "KyoshinMonitorLib.Training", "src\KyoshinMonitorLib.Training\KyoshinMonitorLib.Training.csproj", "{500AAAD5-C29E-49C4-A4B2-480820B551B9}"
EndProject
Project("{9A19103F-16F7-4668-BE54-9A1E7A4F7556}") = "KyoshinMonitorLib.SkiaImages", "src\KyoshinMonitorLib.SkiaImages\KyoshinMonitorLib.SkiaImages.csproj", "{25100A14-A241-4480-8747-CF5E8676A140}"
EndProject
Global
	GlobalSection(SolutionConfigurationPlatforms) = preSolution
		Debug|Any CPU = Debug|Any CPU
		Release|Any CPU = Release|Any CPU
	EndGlobalSection
	GlobalSection(ProjectConfigurationPlatforms) = postSolution
		{5A597781-7993-4CDB-8E50-539E93A6F705}.Debug|Any CPU.ActiveCfg = Debug|Any CPU
		{5A597781-7993-4CDB-8E50-539E93A6F705}.Debug|Any CPU.Build.0 = Debug|Any CPU
		{5A597781-7993-4CDB-8E50-539E93A6F705}.Release|Any CPU.ActiveCfg = Release|Any CPU
		{5A597781-7993-4CDB-8E50-539E93A6F705}.Release|Any CPU.Build.0 = Release|Any CPU
		{40C247D7-1292-4FE5-9DAA-A47D067F2560}.Debug|Any CPU.ActiveCfg = Debug|Any CPU
		{40C247D7-1292-4FE5-9DAA-A47D067F2560}.Debug|Any CPU.Build.0 = Debug|Any CPU
		{40C247D7-1292-4FE5-9DAA-A47D067F2560}.Release|Any CPU.ActiveCfg = Release|Any CPU
		{40C247D7-1292-4FE5-9DAA-A47D067F2560}.Release|Any CPU.Build.0 = Release|Any CPU
		{F3D3DB38-8BBC-42B2-8344-806917A4A888}.Debug|Any CPU.ActiveCfg = Debug|Any CPU
		{F3D3DB38-8BBC-42B2-8344-806917A4A888}.Debug|Any CPU.Build.0 = Debug|Any CPU
		{F3D3DB38-8BBC-42B2-8344-806917A4A888}.Release|Any CPU.ActiveCfg = Release|Any CPU
		{F3D3DB38-8BBC-42B2-8344-806917A4A888}.Release|Any CPU.Build.0 = Release|Any CPU
		{0A7BD896-197C-4777-80E2-1F51D8F031E5}.Debug|Any CPU.ActiveCfg = Debug|Any CPU
		{0A7BD896-197C-4777-80E2-1F51D8F031E5}.Debug|Any CPU.Build.0 = Debug|Any CPU
		{0A7BD896-197C-4777-80E2-1F51D8F031E5}.Release|Any CPU.ActiveCfg = Release|Any CPU
		{0A7BD896-197C-4777-80E2-1F51D8F031E5}.Release|Any CPU.Build.0 = Release|Any CPU
		{500AAAD5-C29E-49C4-A4B2-480820B551B9}.Debug|Any CPU.ActiveCfg = Debug|Any CPU
		{500AAAD5-C29E-49C4-A4B2-480820B551B9}.Debug|Any CPU.Build.0 = Debug|Any CPU
		{500AAAD5-C29E-49C4-A4B2-480820B551B9}.Release|Any CPU.ActiveCfg = Release|Any CPU
		{500AAAD5-C29E-49C4-A4B2-480820B551B9}.Release|Any CPU.Build.0 = Release|Any CPU
		{25100A14-A241-4480-8747-CF5E8676A140}.Debug|Any CPU.ActiveCfg = Debug|Any CPU
		{25100A14-A241-4480-8747-CF5E8676A140}.Debug|Any CPU.Build.0 = Debug|Any CPU
		{25100A14-A241-4480-8747-CF5E8676A140}.Release|Any CPU.ActiveCfg = Release|Any CPU
		{25100A14-A241-4480-8747-CF5E8676A140}.Release|Any CPU.Build.0 = Release|Any CPU
	EndGlobalSection
	GlobalSection(SolutionProperties) = preSolution
		HideSolutionNode = FALSE
	EndGlobalSection
	GlobalSection(ExtensibilityGlobals) = postSolution
		SolutionGuid = {D8348AF1-267F-4EC5-B52D-DB37C403AAC9}
	EndGlobalSection
EndGlobal
